// !$*UTF8*$!
{
	archiveVersion = 1;
	classes = {
	};
	objectVersion = 50;
	objects = {

/* Begin PBXBuildFile section */
		211BDE622159B66D004F4F01 /* AppDelegate.swift in Sources */ = {isa = PBXBuildFile; fileRef = 211BDE612159B66D004F4F01 /* AppDelegate.swift */; };
		211BDE672159B66D004F4F01 /* Main.storyboard in Resources */ = {isa = PBXBuildFile; fileRef = 211BDE652159B66D004F4F01 /* Main.storyboard */; };
		211BDE6A2159B66E004F4F01 /* Workouts.xcdatamodeld in Sources */ = {isa = PBXBuildFile; fileRef = 211BDE682159B66D004F4F01 /* Workouts.xcdatamodeld */; };
		211BDE6C2159B671004F4F01 /* Assets.xcassets in Resources */ = {isa = PBXBuildFile; fileRef = 211BDE6B2159B671004F4F01 /* Assets.xcassets */; };
		211BDE6F2159B671004F4F01 /* LaunchScreen.storyboard in Resources */ = {isa = PBXBuildFile; fileRef = 211BDE6D2159B671004F4F01 /* LaunchScreen.storyboard */; };
		211BDE7A2159B671004F4F01 /* WorkoutsTests.swift in Sources */ = {isa = PBXBuildFile; fileRef = 211BDE792159B671004F4F01 /* WorkoutsTests.swift */; };
		211BDE872159B719004F4F01 /* ExercisesViewController.swift in Sources */ = {isa = PBXBuildFile; fileRef = 211BDE862159B719004F4F01 /* ExercisesViewController.swift */; };
		211BDE8D215D93CC004F4F01 /* ExerciseDetailsViewController.swift in Sources */ = {isa = PBXBuildFile; fileRef = 211BDE8C215D93CC004F4F01 /* ExerciseDetailsViewController.swift */; };
		211BDE8F215D9BAE004F4F01 /* ExerciseData.swift in Sources */ = {isa = PBXBuildFile; fileRef = 211BDE8E215D9BAE004F4F01 /* ExerciseData.swift */; };
/* End PBXBuildFile section */

/* Begin PBXContainerItemProxy section */
		211BDE762159B671004F4F01 /* PBXContainerItemProxy */ = {
			isa = PBXContainerItemProxy;
			containerPortal = 211BDE562159B66D004F4F01 /* Project object */;
			proxyType = 1;
			remoteGlobalIDString = 211BDE5D2159B66D004F4F01;
			remoteInfo = Workouts;
		};
/* End PBXContainerItemProxy section */

/* Begin PBXFileReference section */
		211BDE5E2159B66D004F4F01 /* Workouts.app */ = {isa = PBXFileReference; explicitFileType = wrapper.application; includeInIndex = 0; path = Workouts.app; sourceTree = BUILT_PRODUCTS_DIR; };
		211BDE612159B66D004F4F01 /* AppDelegate.swift */ = {isa = PBXFileReference; lastKnownFileType = sourcecode.swift; path = AppDelegate.swift; sourceTree = "<group>"; };
		211BDE662159B66D004F4F01 /* Base */ = {isa = PBXFileReference; lastKnownFileType = file.storyboard; name = Base; path = Base.lproj/Main.storyboard; sourceTree = "<group>"; };
		211BDE692159B66E004F4F01 /* Workouts.xcdatamodel */ = {isa = PBXFileReference; lastKnownFileType = wrapper.xcdatamodel; path = Workouts.xcdatamodel; sourceTree = "<group>"; };
		211BDE6B2159B671004F4F01 /* Assets.xcassets */ = {isa = PBXFileReference; lastKnownFileType = folder.assetcatalog; path = Assets.xcassets; sourceTree = "<group>"; };
		211BDE6E2159B671004F4F01 /* Base */ = {isa = PBXFileReference; lastKnownFileType = file.storyboard; name = Base; path = Base.lproj/LaunchScreen.storyboard; sourceTree = "<group>"; };
		211BDE702159B671004F4F01 /* Info.plist */ = {isa = PBXFileReference; lastKnownFileType = text.plist.xml; path = Info.plist; sourceTree = "<group>"; };
		211BDE752159B671004F4F01 /* WorkoutsTests.xctest */ = {isa = PBXFileReference; explicitFileType = wrapper.cfbundle; includeInIndex = 0; path = WorkoutsTests.xctest; sourceTree = BUILT_PRODUCTS_DIR; };
		211BDE792159B671004F4F01 /* WorkoutsTests.swift */ = {isa = PBXFileReference; lastKnownFileType = sourcecode.swift; path = WorkoutsTests.swift; sourceTree = "<group>"; };
		211BDE7B2159B671004F4F01 /* Info.plist */ = {isa = PBXFileReference; lastKnownFileType = text.plist.xml; path = Info.plist; sourceTree = "<group>"; };
		211BDE862159B719004F4F01 /* ExercisesViewController.swift */ = {isa = PBXFileReference; lastKnownFileType = sourcecode.swift; path = ExercisesViewController.swift; sourceTree = "<group>"; };
		211BDE8C215D93CC004F4F01 /* ExerciseDetailsViewController.swift */ = {isa = PBXFileReference; lastKnownFileType = sourcecode.swift; path = ExerciseDetailsViewController.swift; sourceTree = "<group>"; };
		211BDE8E215D9BAE004F4F01 /* ExerciseData.swift */ = {isa = PBXFileReference; lastKnownFileType = sourcecode.swift; path = ExerciseData.swift; sourceTree = "<group>"; };
/* End PBXFileReference section */

/* Begin PBXFrameworksBuildPhase section */
		211BDE5B2159B66D004F4F01 /* Frameworks */ = {
			isa = PBXFrameworksBuildPhase;
			buildActionMask = 2147483647;
			files = (
			);
			runOnlyForDeploymentPostprocessing = 0;
		};
		211BDE722159B671004F4F01 /* Frameworks */ = {
			isa = PBXFrameworksBuildPhase;
			buildActionMask = 2147483647;
			files = (
			);
			runOnlyForDeploymentPostprocessing = 0;
		};
/* End PBXFrameworksBuildPhase section */

/* Begin PBXGroup section */
		211BDE552159B66D004F4F01 = {
			isa = PBXGroup;
			children = (
				211BDE602159B66D004F4F01 /* Workouts */,
				211BDE782159B671004F4F01 /* WorkoutsTests */,
				211BDE5F2159B66D004F4F01 /* Products */,
			);
			sourceTree = "<group>";
		};
		211BDE5F2159B66D004F4F01 /* Products */ = {
			isa = PBXGroup;
			children = (
				211BDE5E2159B66D004F4F01 /* Workouts.app */,
				211BDE752159B671004F4F01 /* WorkoutsTests.xctest */,
			);
			name = Products;
			sourceTree = "<group>";
		};
		211BDE602159B66D004F4F01 /* Workouts */ = {
			isa = PBXGroup;
			children = (
				211BDE612159B66D004F4F01 /* AppDelegate.swift */,
				211BDE8C215D93CC004F4F01 /* ExerciseDetailsViewController.swift */,
				211BDE862159B719004F4F01 /* ExercisesViewController.swift */,
				211BDE8E215D9BAE004F4F01 /* ExerciseData.swift */,
				211BDE652159B66D004F4F01 /* Main.storyboard */,
				211BDE6B2159B671004F4F01 /* Assets.xcassets */,
				211BDE6D2159B671004F4F01 /* LaunchScreen.storyboard */,
				211BDE702159B671004F4F01 /* Info.plist */,
				211BDE682159B66D004F4F01 /* Workouts.xcdatamodeld */,
			);
			path = Workouts;
			sourceTree = "<group>";
		};
		211BDE782159B671004F4F01 /* WorkoutsTests */ = {
			isa = PBXGroup;
			children = (
				211BDE792159B671004F4F01 /* WorkoutsTests.swift */,
				211BDE7B2159B671004F4F01 /* Info.plist */,
			);
			path = WorkoutsTests;
			sourceTree = "<group>";
		};
/* End PBXGroup section */

/* Begin PBXNativeTarget section */
		211BDE5D2159B66D004F4F01 /* Workouts */ = {
			isa = PBXNativeTarget;
			buildConfigurationList = 211BDE7E2159B671004F4F01 /* Build configuration list for PBXNativeTarget "Workouts" */;
			buildPhases = (
				211BDE5A2159B66D004F4F01 /* Sources */,
				211BDE5B2159B66D004F4F01 /* Frameworks */,
				211BDE5C2159B66D004F4F01 /* Resources */,
			);
			buildRules = (
			);
			dependencies = (
			);
			name = Workouts;
			productName = Workouts;
			productReference = 211BDE5E2159B66D004F4F01 /* Workouts.app */;
			productType = "com.apple.product-type.application";
		};
		211BDE742159B671004F4F01 /* WorkoutsTests */ = {
			isa = PBXNativeTarget;
			buildConfigurationList = 211BDE812159B671004F4F01 /* Build configuration list for PBXNativeTarget "WorkoutsTests" */;
			buildPhases = (
				211BDE712159B671004F4F01 /* Sources */,
				211BDE722159B671004F4F01 /* Frameworks */,
				211BDE732159B671004F4F01 /* Resources */,
			);
			buildRules = (
			);
			dependencies = (
				211BDE772159B671004F4F01 /* PBXTargetDependency */,
			);
			name = WorkoutsTests;
			productName = WorkoutsTests;
			productReference = 211BDE752159B671004F4F01 /* WorkoutsTests.xctest */;
			productType = "com.apple.product-type.bundle.unit-test";
		};
/* End PBXNativeTarget section */

/* Begin PBXProject section */
		211BDE562159B66D004F4F01 /* Project object */ = {
			isa = PBXProject;
			attributes = {
				LastSwiftUpdateCheck = 0940;
				LastUpgradeCheck = 0940;
				ORGANIZATIONNAME = "clarity for action";
				TargetAttributes = {
					211BDE5D2159B66D004F4F01 = {
						CreatedOnToolsVersion = 9.4.1;
					};
					211BDE742159B671004F4F01 = {
						CreatedOnToolsVersion = 9.4.1;
						TestTargetID = 211BDE5D2159B66D004F4F01;
					};
				};
			};
			buildConfigurationList = 211BDE592159B66D004F4F01 /* Build configuration list for PBXProject "Workouts" */;
			compatibilityVersion = "Xcode 9.3";
			developmentRegion = en;
			hasScannedForEncodings = 0;
			knownRegions = (
				en,
				Base,
			);
			mainGroup = 211BDE552159B66D004F4F01;
			productRefGroup = 211BDE5F2159B66D004F4F01 /* Products */;
			projectDirPath = "";
			projectRoot = "";
			targets = (
				211BDE5D2159B66D004F4F01 /* Workouts */,
				211BDE742159B671004F4F01 /* WorkoutsTests */,
			);
		};
/* End PBXProject section */

/* Begin PBXResourcesBuildPhase section */
		211BDE5C2159B66D004F4F01 /* Resources */ = {
			isa = PBXResourcesBuildPhase;
			buildActionMask = 2147483647;
			files = (
				211BDE6F2159B671004F4F01 /* LaunchScreen.storyboard in Resources */,
				211BDE6C2159B671004F4F01 /* Assets.xcassets in Resources */,
				211BDE672159B66D004F4F01 /* Main.storyboard in Resources */,
			);
			runOnlyForDeploymentPostprocessing = 0;
		};
		211BDE732159B671004F4F01 /* Resources */ = {
			isa = PBXResourcesBuildPhase;
			buildActionMask = 2147483647;
			files = (
			);
			runOnlyForDeploymentPostprocessing = 0;
		};
/* End PBXResourcesBuildPhase section */

/* Begin PBXSourcesBuildPhase section */
		211BDE5A2159B66D004F4F01 /* Sources */ = {
			isa = PBXSourcesBuildPhase;
			buildActionMask = 2147483647;
			files = (
				211BDE6A2159B66E004F4F01 /* Workouts.xcdatamodeld in Sources */,
				211BDE8F215D9BAE004F4F01 /* ExerciseData.swift in Sources */,
				211BDE872159B719004F4F01 /* ExercisesViewController.swift in Sources */,
				211BDE8D215D93CC004F4F01 /* ExerciseDetailsViewController.swift in Sources */,
				211BDE622159B66D004F4F01 /* AppDelegate.swift in Sources */,
			);
			runOnlyForDeploymentPostprocessing = 0;
		};
		211BDE712159B671004F4F01 /* Sources */ = {
			isa = PBXSourcesBuildPhase;
			buildActionMask = 2147483647;
			files = (
				211BDE7A2159B671004F4F01 /* WorkoutsTests.swift in Sources */,
			);
			runOnlyForDeploymentPostprocessing = 0;
		};
/* End PBXSourcesBuildPhase section */

/* Begin PBXTargetDependency section */
		211BDE772159B671004F4F01 /* PBXTargetDependency */ = {
			isa = PBXTargetDependency;
			target = 211BDE5D2159B66D004F4F01 /* Workouts */;
			targetProxy = 211BDE762159B671004F4F01 /* PBXContainerItemProxy */;
		};
/* End PBXTargetDependency section */

/* Begin PBXVariantGroup section */
		211BDE652159B66D004F4F01 /* Main.storyboard */ = {
			isa = PBXVariantGroup;
			children = (
				211BDE662159B66D004F4F01 /* Base */,
			);
			name = Main.storyboard;
			sourceTree = "<group>";
		};
		211BDE6D2159B671004F4F01 /* LaunchScreen.storyboard */ = {
			isa = PBXVariantGroup;
			children = (
				211BDE6E2159B671004F4F01 /* Base */,
			);
			name = LaunchScreen.storyboard;
			sourceTree = "<group>";
		};
/* End PBXVariantGroup section */

/* Begin XCBuildConfiguration section */
		211BDE7C2159B671004F4F01 /* Debug */ = {
			isa = XCBuildConfiguration;
			buildSettings = {
				ALWAYS_SEARCH_USER_PATHS = NO;
				CLANG_ANALYZER_NONNULL = YES;
				CLANG_ANALYZER_NUMBER_OBJECT_CONVERSION = YES_AGGRESSIVE;
				CLANG_CXX_LANGUAGE_STANDARD = "gnu++14";
				CLANG_CXX_LIBRARY = "libc++";
				CLANG_ENABLE_MODULES = YES;
				CLANG_ENABLE_OBJC_ARC = YES;
				CLANG_ENABLE_OBJC_WEAK = YES;
				CLANG_WARN_BLOCK_CAPTURE_AUTORELEASING = YES;
				CLANG_WARN_BOOL_CONVERSION = YES;
				CLANG_WARN_COMMA = YES;
				CLANG_WARN_CONSTANT_CONVERSION = YES;
				CLANG_WARN_DEPRECATED_OBJC_IMPLEMENTATIONS = YES;
				CLANG_WARN_DIRECT_OBJC_ISA_USAGE = YES_ERROR;
				CLANG_WARN_DOCUMENTATION_COMMENTS = YES;
				CLANG_WARN_EMPTY_BODY = YES;
				CLANG_WARN_ENUM_CONVERSION = YES;
				CLANG_WARN_INFINITE_RECURSION = YES;
				CLANG_WARN_INT_CONVERSION = YES;
				CLANG_WARN_NON_LITERAL_NULL_CONVERSION = YES;
				CLANG_WARN_OBJC_IMPLICIT_RETAIN_SELF = YES;
				CLANG_WARN_OBJC_LITERAL_CONVERSION = YES;
				CLANG_WARN_OBJC_ROOT_CLASS = YES_ERROR;
				CLANG_WARN_RANGE_LOOP_ANALYSIS = YES;
				CLANG_WARN_STRICT_PROTOTYPES = YES;
				CLANG_WARN_SUSPICIOUS_MOVE = YES;
				CLANG_WARN_UNGUARDED_AVAILABILITY = YES_AGGRESSIVE;
				CLANG_WARN_UNREACHABLE_CODE = YES;
				CLANG_WARN__DUPLICATE_METHOD_MATCH = YES;
				CODE_SIGN_IDENTITY = "iPhone Developer";
				COPY_PHASE_STRIP = NO;
				DEBUG_INFORMATION_FORMAT = dwarf;
				ENABLE_STRICT_OBJC_MSGSEND = YES;
				ENABLE_TESTABILITY = YES;
				GCC_C_LANGUAGE_STANDARD = gnu11;
				GCC_DYNAMIC_NO_PIC = NO;
				GCC_NO_COMMON_BLOCKS = YES;
				GCC_OPTIMIZATION_LEVEL = 0;
				GCC_PREPROCESSOR_DEFINITIONS = (
					"DEBUG=1",
					"$(inherited)",
				);
				GCC_WARN_64_TO_32_BIT_CONVERSION = YES;
				GCC_WARN_ABOUT_RETURN_TYPE = YES_ERROR;
				GCC_WARN_UNDECLARED_SELECTOR = YES;
				GCC_WARN_UNINITIALIZED_AUTOS = YES_AGGRESSIVE;
				GCC_WARN_UNUSED_FUNCTION = YES;
				GCC_WARN_UNUSED_VARIABLE = YES;
				IPHONEOS_DEPLOYMENT_TARGET = 11.4;
				MTL_ENABLE_DEBUG_INFO = YES;
				ONLY_ACTIVE_ARCH = YES;
				SDKROOT = iphoneos;
				SWIFT_ACTIVE_COMPILATION_CONDITIONS = DEBUG;
				SWIFT_OPTIMIZATION_LEVEL = "-Onone";
			};
			name = Debug;
		};
		211BDE7D2159B671004F4F01 /* Release */ = {
			isa = XCBuildConfiguration;
			buildSettings = {
				ALWAYS_SEARCH_USER_PATHS = NO;
				CLANG_ANALYZER_NONNULL = YES;
				CLANG_ANALYZER_NUMBER_OBJECT_CONVERSION = YES_AGGRESSIVE;
				CLANG_CXX_LANGUAGE_STANDARD = "gnu++14";
				CLANG_CXX_LIBRARY = "libc++";
				CLANG_ENABLE_MODULES = YES;
				CLANG_ENABLE_OBJC_ARC = YES;
				CLANG_ENABLE_OBJC_WEAK = YES;
				CLANG_WARN_BLOCK_CAPTURE_AUTORELEASING = YES;
				CLANG_WARN_BOOL_CONVERSION = YES;
				CLANG_WARN_COMMA = YES;
				CLANG_WARN_CONSTANT_CONVERSION = YES;
				CLANG_WARN_DEPRECATED_OBJC_IMPLEMENTATIONS = YES;
				CLANG_WARN_DIRECT_OBJC_ISA_USAGE = YES_ERROR;
				CLANG_WARN_DOCUMENTATION_COMMENTS = YES;
				CLANG_WARN_EMPTY_BODY = YES;
				CLANG_WARN_ENUM_CONVERSION = YES;
				CLANG_WARN_INFINITE_RECURSION = YES;
				CLANG_WARN_INT_CONVERSION = YES;
				CLANG_WARN_NON_LITERAL_NULL_CONVERSION = YES;
				CLANG_WARN_OBJC_IMPLICIT_RETAIN_SELF = YES;
				CLANG_WARN_OBJC_LITERAL_CONVERSION = YES;
				CLANG_WARN_OBJC_ROOT_CLASS = YES_ERROR;
				CLANG_WARN_RANGE_LOOP_ANALYSIS = YES;
				CLANG_WARN_STRICT_PROTOTYPES = YES;
				CLANG_WARN_SUSPICIOUS_MOVE = YES;
				CLANG_WARN_UNGUARDED_AVAILABILITY = YES_AGGRESSIVE;
				CLANG_WARN_UNREACHABLE_CODE = YES;
				CLANG_WARN__DUPLICATE_METHOD_MATCH = YES;
				CODE_SIGN_IDENTITY = "iPhone Developer";
				COPY_PHASE_STRIP = NO;
				DEBUG_INFORMATION_FORMAT = "dwarf-with-dsym";
				ENABLE_NS_ASSERTIONS = NO;
				ENABLE_STRICT_OBJC_MSGSEND = YES;
				GCC_C_LANGUAGE_STANDARD = gnu11;
				GCC_NO_COMMON_BLOCKS = YES;
				GCC_WARN_64_TO_32_BIT_CONVERSION = YES;
				GCC_WARN_ABOUT_RETURN_TYPE = YES_ERROR;
				GCC_WARN_UNDECLARED_SELECTOR = YES;
				GCC_WARN_UNINITIALIZED_AUTOS = YES_AGGRESSIVE;
				GCC_WARN_UNUSED_FUNCTION = YES;
				GCC_WARN_UNUSED_VARIABLE = YES;
				IPHONEOS_DEPLOYMENT_TARGET = 11.4;
				MTL_ENABLE_DEBUG_INFO = NO;
				SDKROOT = iphoneos;
				SWIFT_COMPILATION_MODE = wholemodule;
				SWIFT_OPTIMIZATION_LEVEL = "-O";
				VALIDATE_PRODUCT = YES;
			};
			name = Release;
		};
		211BDE7F2159B671004F4F01 /* Debug */ = {
			isa = XCBuildConfiguration;
			buildSettings = {
				ASSETCATALOG_COMPILER_APPICON_NAME = AppIcon;
				CODE_SIGN_STYLE = Automatic;
				DEVELOPMENT_TEAM = 73REF5W5RY;
				INFOPLIST_FILE = Workouts/Info.plist;
				LD_RUNPATH_SEARCH_PATHS = (
					"$(inherited)",
					"@executable_path/Frameworks",
				);
				PRODUCT_BUNDLE_IDENTIFIER = com.clarityforaction.Workouts;
				PRODUCT_NAME = "$(TARGET_NAME)";
				SWIFT_VERSION = 4.0;
				TARGETED_DEVICE_FAMILY = "1,2";
			};
			name = Debug;
		};
		211BDE802159B671004F4F01 /* Release */ = {
			isa = XCBuildConfiguration;
			buildSettings = {
				ASSETCATALOG_COMPILER_APPICON_NAME = AppIcon;
				CODE_SIGN_STYLE = Automatic;
				DEVELOPMENT_TEAM = 73REF5W5RY;
				INFOPLIST_FILE = Workouts/Info.plist;
				LD_RUNPATH_SEARCH_PATHS = (
					"$(inherited)",
					"@executable_path/Frameworks",
				);
				PRODUCT_BUNDLE_IDENTIFIER = com.clarityforaction.Workouts;
				PRODUCT_NAME = "$(TARGET_NAME)";
				SWIFT_VERSION = 4.0;
				TARGETED_DEVICE_FAMILY = "1,2";
			};
			name = Release;
		};
		211BDE822159B671004F4F01 /* Debug */ = {
			isa = XCBuildConfiguration;
			buildSettings = {
				ALWAYS_EMBED_SWIFT_STANDARD_LIBRARIES = YES;
				BUNDLE_LOADER = "$(TEST_HOST)";
				CODE_SIGN_STYLE = Automatic;
				DEVELOPMENT_TEAM = 73REF5W5RY;
				INFOPLIST_FILE = WorkoutsTests/Info.plist;
				LD_RUNPATH_SEARCH_PATHS = (
					"$(inherited)",
					"@executable_path/Frameworks",
					"@loader_path/Frameworks",
				);
				PRODUCT_BUNDLE_IDENTIFIER = com.clarityforaction.WorkoutsTests;
				PRODUCT_NAME = "$(TARGET_NAME)";
				SWIFT_VERSION = 4.0;
				TARGETED_DEVICE_FAMILY = "1,2";
				TEST_HOST = "$(BUILT_PRODUCTS_DIR)/Workouts.app/Workouts";
			};
			name = Debug;
		};
		211BDE832159B671004F4F01 /* Release */ = {
			isa = XCBuildConfiguration;
			buildSettings = {
				ALWAYS_EMBED_SWIFT_STANDARD_LIBRARIES = YES;
				BUNDLE_LOADER = "$(TEST_HOST)";
				CODE_SIGN_STYLE = Automatic;
				DEVELOPMENT_TEAM = 73REF5W5RY;
				INFOPLIST_FILE = WorkoutsTests/Info.plist;
				LD_RUNPATH_SEARCH_PATHS = (
					"$(inherited)",
					"@executable_path/Frameworks",
					"@loader_path/Frameworks",
				);
				PRODUCT_BUNDLE_IDENTIFIER = com.clarityforaction.WorkoutsTests;
				PRODUCT_NAME = "$(TARGET_NAME)";
				SWIFT_VERSION = 4.0;
				TARGETED_DEVICE_FAMILY = "1,2";
				TEST_HOST = "$(BUILT_PRODUCTS_DIR)/Workouts.app/Workouts";
			};
			name = Release;
		};
/* End XCBuildConfiguration section */

/* Begin XCConfigurationList section */
		211BDE592159B66D004F4F01 /* Build configuration list for PBXProject "Workouts" */ = {
			isa = XCConfigurationList;
			buildConfigurations = (
				211BDE7C2159B671004F4F01 /* Debug */,
				211BDE7D2159B671004F4F01 /* Release */,
			);
			defaultConfigurationIsVisible = 0;
			defaultConfigurationName = Release;
		};
		211BDE7E2159B671004F4F01 /* Build configuration list for PBXNativeTarget "Workouts" */ = {
			isa = XCConfigurationList;
			buildConfigurations = (
				211BDE7F2159B671004F4F01 /* Debug */,
				211BDE802159B671004F4F01 /* Release */,
			);
			defaultConfigurationIsVisible = 0;
			defaultConfigurationName = Release;
		};
		211BDE812159B671004F4F01 /* Build configuration list for PBXNativeTarget "WorkoutsTests" */ = {
			isa = XCConfigurationList;
			buildConfigurations = (
				211BDE822159B671004F4F01 /* Debug */,
				211BDE832159B671004F4F01 /* Release */,
			);
			defaultConfigurationIsVisible = 0;
			defaultConfigurationName = Release;
		};
/* End XCConfigurationList section */

/* Begin XCVersionGroup section */
		211BDE682159B66D004F4F01 /* Workouts.xcdatamodeld */ = {
			isa = XCVersionGroup;
			children = (
				211BDE692159B66E004F4F01 /* Workouts.xcdatamodel */,
			);
			currentVersion = 211BDE692159B66E004F4F01 /* Workouts.xcdatamodel */;
			path = Workouts.xcdatamodeld;
			sourceTree = "<group>";
			versionGroupType = wrapper.xcdatamodel;
		};
/* End XCVersionGroup section */
	};
	rootObject = 211BDE562159B66D004F4F01 /* Project object */;
}
